
Microsoft Visual Studio Solution File, Format Version 11.00
# Visual Studio 2010
Project("{FAE04EC0-301F-11D3-BF4B-00C04F79EFBC}") = "SanJacinto", "SanJacinto\SanJacinto.csproj", "{EA940B34-B4DE-4720-B200-6E5D386971A0}"
EndProject
Project("{FAE04EC0-301F-11D3-BF4B-00C04F79EFBC}") = "SanJacintoServices", "SanJacintoServices\SanJacintoServices.csproj", "{26F375B1-7B7C-4A36-8F77-2E1793912679}"
EndProject
Project("{2150E333-8FDC-42A3-9474-1A3956D46DE8}") = "Librerias", "Librerias", "{0148F323-AF2F-499A-9065-BA957EF31DCB}"
	ProjectSection(SolutionItems) = preProject
		Librerias\Iesi.Collections.dll = Librerias\Iesi.Collections.dll
		Librerias\NHibernate.dll = Librerias\NHibernate.dll
	EndProjectSection
EndProject
Global
	GlobalSection(SubversionScc) = preSolution
		Svn-Managed = True
		Manager = AnkhSVN - Subversion Support for Visual Studio
	EndGlobalSection
	GlobalSection(SolutionConfigurationPlatforms) = preSolution
		Debug|Any CPU = Debug|Any CPU
		Release|Any CPU = Release|Any CPU
	EndGlobalSection
	GlobalSection(ProjectConfigurationPlatforms) = postSolution
		{EA940B34-B4DE-4720-B200-6E5D386971A0}.Debug|Any CPU.ActiveCfg = Debug|Any CPU
		{EA940B34-B4DE-4720-B200-6E5D386971A0}.Debug|Any CPU.Build.0 = Debug|Any CPU
		{EA940B34-B4DE-4720-B200-6E5D386971A0}.Release|Any CPU.ActiveCfg = Release|Any CPU
		{EA940B34-B4DE-4720-B200-6E5D386971A0}.Release|Any CPU.Build.0 = Release|Any CPU
		{26F375B1-7B7C-4A36-8F77-2E1793912679}.Debug|Any CPU.ActiveCfg = Debug|Any CPU
		{26F375B1-7B7C-4A36-8F77-2E1793912679}.Debug|Any CPU.Build.0 = Debug|Any CPU
		{26F375B1-7B7C-4A36-8F77-2E1793912679}.Release|Any CPU.ActiveCfg = Release|Any CPU
		{26F375B1-7B7C-4A36-8F77-2E1793912679}.Release|Any CPU.Build.0 = Release|Any CPU
	EndGlobalSection
	GlobalSection(SolutionProperties) = preSolution
		HideSolutionNode = FALSE
	EndGlobalSection
EndGlobal
